
Microsoft Visual Studio Solution File, Format Version 12.00
# Visual Studio Version 17
VisualStudioVersion = 17.7.34031.279
MinimumVisualStudioVersion = 10.0.40219.1
Project("{8BC9CEB8-8B4A-11D0-8D11-00A0C91BC942}") = "Sandbox", "Sandbox\Sandbox.vcxproj", "{F8B46401-7219-464E-B68B-76F71CCC891C}"
EndProject
Project("{8BC9CEB8-8B4A-11D0-8D11-00A0C91BC942}") = "Engine1", "Engine1\Engine1.vcxproj", "{E2E14920-30A8-412E-9703-370C244FA061}"
EndProject
Global
	GlobalSection(SolutionConfigurationPlatforms) = preSolution
		Debug|x64 = Debug|x64
		Release|x64 = Release|x64
	EndGlobalSection
	GlobalSection(ProjectConfigurationPlatforms) = postSolution
		{E2E14920-30A8-412E-9703-370C244FA061}.Debug|x64.ActiveCfg = Debug|x64
		{E2E14920-30A8-412E-9703-370C244FA061}.Debug|x64.Build.0 = Debug|x64
		{E2E14920-30A8-412E-9703-370C244FA061}.Release|x64.ActiveCfg = Release|x64
		{E2E14920-30A8-412E-9703-370C244FA061}.Release|x64.Build.0 = Release|x64
		{F8B46401-7219-464E-B68B-76F71CCC891C}.Debug|x64.ActiveCfg = Debug|x64
		{F8B46401-7219-464E-B68B-76F71CCC891C}.Debug|x64.Build.0 = Debug|x64
		{F8B46401-7219-464E-B68B-76F71CCC891C}.Release|x64.ActiveCfg = Release|x64
		{F8B46401-7219-464E-B68B-76F71CCC891C}.Release|x64.Build.0 = Release|x64
	EndGlobalSection
	GlobalSection(SolutionProperties) = preSolution
		HideSolutionNode = FALSE
	EndGlobalSection
	GlobalSection(ExtensibilityGlobals) = postSolution
		SolutionGuid = {C4F298AF-6EE6-4307-89BD-67AB0F89202E}
	EndGlobalSection
EndGlobal
